// !$*UTF8*$!
{
	archiveVersion = 1;
	classes = {
	};
	objectVersion = 50;
	objects = {

/* Begin PBXBuildFile section */
		36517B742509372400C583F7 /* AppDelegate.swift in Sources */ = {isa = PBXBuildFile; fileRef = 36517B732509372400C583F7 /* AppDelegate.swift */; };
		36517B762509372400C583F7 /* SceneDelegate.swift in Sources */ = {isa = PBXBuildFile; fileRef = 36517B752509372400C583F7 /* SceneDelegate.swift */; };
		36517B782509372400C583F7 /* ImageSearchViewController.swift in Sources */ = {isa = PBXBuildFile; fileRef = 36517B772509372400C583F7 /* ImageSearchViewController.swift */; };
		36517B7B2509372400C583F7 /* Main.storyboard in Resources */ = {isa = PBXBuildFile; fileRef = 36517B792509372400C583F7 /* Main.storyboard */; };
		36517B7D2509372500C583F7 /* Assets.xcassets in Resources */ = {isa = PBXBuildFile; fileRef = 36517B7C2509372500C583F7 /* Assets.xcassets */; };
		36517B802509372500C583F7 /* LaunchScreen.storyboard in Resources */ = {isa = PBXBuildFile; fileRef = 36517B7E2509372500C583F7 /* LaunchScreen.storyboard */; };
		36517B8D25093F0300C583F7 /* ImageResponse.swift in Sources */ = {isa = PBXBuildFile; fileRef = 36517B8C25093F0300C583F7 /* ImageResponse.swift */; };
		36517B902509412200C583F7 /* Image.swift in Sources */ = {isa = PBXBuildFile; fileRef = 36517B8F2509412200C583F7 /* Image.swift */; };
		36517B92250941B400C583F7 /* ImageModel.swift in Sources */ = {isa = PBXBuildFile; fileRef = 36517B91250941B400C583F7 /* ImageModel.swift */; };
		36517B94250B45E000C583F7 /* ImagesCollectionViewCell.swift in Sources */ = {isa = PBXBuildFile; fileRef = 36517B93250B45E000C583F7 /* ImagesCollectionViewCell.swift */; };
		36517B99250BE37900C583F7 /* UICollectionView+ShowEmptyMessage.swift in Sources */ = {isa = PBXBuildFile; fileRef = 36517B98250BE37900C583F7 /* UICollectionView+ShowEmptyMessage.swift */; };
		36517B9B250E84D100C583F7 /* ImageViewController.swift in Sources */ = {isa = PBXBuildFile; fileRef = 36517B9A250E84D100C583F7 /* ImageViewController.swift */; };
		36517B9E250F47C100C583F7 /* Date+toString.swift in Sources */ = {isa = PBXBuildFile; fileRef = 36517B9D250F47C100C583F7 /* Date+toString.swift */; };
/* End PBXBuildFile section */

/* Begin PBXFileReference section */
		36517B702509372400C583F7 /* DaumImageSearchApp.app */ = {isa = PBXFileReference; explicitFileType = wrapper.application; includeInIndex = 0; path = DaumImageSearchApp.app; sourceTree = BUILT_PRODUCTS_DIR; };
		36517B732509372400C583F7 /* AppDelegate.swift */ = {isa = PBXFileReference; lastKnownFileType = sourcecode.swift; path = AppDelegate.swift; sourceTree = "<group>"; };
		36517B752509372400C583F7 /* SceneDelegate.swift */ = {isa = PBXFileReference; lastKnownFileType = sourcecode.swift; path = SceneDelegate.swift; sourceTree = "<group>"; };
		36517B772509372400C583F7 /* ImageSearchViewController.swift */ = {isa = PBXFileReference; lastKnownFileType = sourcecode.swift; path = ImageSearchViewController.swift; sourceTree = "<group>"; };
		36517B7A2509372400C583F7 /* Base */ = {isa = PBXFileReference; lastKnownFileType = file.storyboard; name = Base; path = Base.lproj/Main.storyboard; sourceTree = "<group>"; };
		36517B7C2509372500C583F7 /* Assets.xcassets */ = {isa = PBXFileReference; lastKnownFileType = folder.assetcatalog; path = Assets.xcassets; sourceTree = "<group>"; };
		36517B7F2509372500C583F7 /* Base */ = {isa = PBXFileReference; lastKnownFileType = file.storyboard; name = Base; path = Base.lproj/LaunchScreen.storyboard; sourceTree = "<group>"; };
		36517B812509372500C583F7 /* Info.plist */ = {isa = PBXFileReference; lastKnownFileType = text.plist.xml; path = Info.plist; sourceTree = "<group>"; };
		36517B8C25093F0300C583F7 /* ImageResponse.swift */ = {isa = PBXFileReference; lastKnownFileType = sourcecode.swift; path = ImageResponse.swift; sourceTree = "<group>"; };
		36517B8F2509412200C583F7 /* Image.swift */ = {isa = PBXFileReference; lastKnownFileType = sourcecode.swift; path = Image.swift; sourceTree = "<group>"; };
		36517B91250941B400C583F7 /* ImageModel.swift */ = {isa = PBXFileReference; lastKnownFileType = sourcecode.swift; path = ImageModel.swift; sourceTree = "<group>"; };
		36517B93250B45E000C583F7 /* ImagesCollectionViewCell.swift */ = {isa = PBXFileReference; lastKnownFileType = sourcecode.swift; path = ImagesCollectionViewCell.swift; sourceTree = "<group>"; };
		36517B98250BE37900C583F7 /* UICollectionView+ShowEmptyMessage.swift */ = {isa = PBXFileReference; lastKnownFileType = sourcecode.swift; path = "UICollectionView+ShowEmptyMessage.swift"; sourceTree = "<group>"; };
		36517B9A250E84D100C583F7 /* ImageViewController.swift */ = {isa = PBXFileReference; lastKnownFileType = sourcecode.swift; path = ImageViewController.swift; sourceTree = "<group>"; };
		36517B9D250F47C100C583F7 /* Date+toString.swift */ = {isa = PBXFileReference; lastKnownFileType = sourcecode.swift; path = "Date+toString.swift"; sourceTree = "<group>"; };
/* End PBXFileReference section */

/* Begin PBXFrameworksBuildPhase section */
		36517B6D2509372400C583F7 /* Frameworks */ = {
			isa = PBXFrameworksBuildPhase;
			buildActionMask = 2147483647;
			files = (
			);
			runOnlyForDeploymentPostprocessing = 0;
		};
/* End PBXFrameworksBuildPhase section */

/* Begin PBXGroup section */
		36517B672509372400C583F7 = {
			isa = PBXGroup;
			children = (
				36517B722509372400C583F7 /* DaumImageSearchApp */,
				36517B712509372400C583F7 /* Products */,
			);
			sourceTree = "<group>";
		};
		36517B712509372400C583F7 /* Products */ = {
			isa = PBXGroup;
			children = (
				36517B702509372400C583F7 /* DaumImageSearchApp.app */,
			);
			name = Products;
			sourceTree = "<group>";
		};
		36517B722509372400C583F7 /* DaumImageSearchApp */ = {
			isa = PBXGroup;
			children = (
				36517BA22510C4CA00C583F7 /* ImageSearch */,
				36517BA12510C4A500C583F7 /* ImageSelection */,
				36517B95250BE2E000C583F7 /* Extension */,
				36517B8E2509411200C583F7 /* Model */,
				36517B732509372400C583F7 /* AppDelegate.swift */,
				36517B752509372400C583F7 /* SceneDelegate.swift */,
				36517B792509372400C583F7 /* Main.storyboard */,
				36517B7C2509372500C583F7 /* Assets.xcassets */,
				36517B7E2509372500C583F7 /* LaunchScreen.storyboard */,
				36517B812509372500C583F7 /* Info.plist */,
			);
			path = DaumImageSearchApp;
			sourceTree = "<group>";
		};
		36517B8E2509411200C583F7 /* Model */ = {
			isa = PBXGroup;
			children = (
				36517B8C25093F0300C583F7 /* ImageResponse.swift */,
				36517B8F2509412200C583F7 /* Image.swift */,
				36517B91250941B400C583F7 /* ImageModel.swift */,
			);
			path = Model;
			sourceTree = "<group>";
		};
		36517B95250BE2E000C583F7 /* Extension */ = {
			isa = PBXGroup;
			children = (
				36517B98250BE37900C583F7 /* UICollectionView+ShowEmptyMessage.swift */,
				36517B9D250F47C100C583F7 /* Date+toString.swift */,
			);
			path = Extension;
			sourceTree = "<group>";
		};
		36517BA12510C4A500C583F7 /* ImageSelection */ = {
			isa = PBXGroup;
			children = (
				36517B9A250E84D100C583F7 /* ImageViewController.swift */,
			);
			path = ImageSelection;
			sourceTree = "<group>";
		};
		36517BA22510C4CA00C583F7 /* ImageSearch */ = {
			isa = PBXGroup;
			children = (
				36517B93250B45E000C583F7 /* ImagesCollectionViewCell.swift */,
				36517B772509372400C583F7 /* ImageSearchViewController.swift */,
			);
			path = ImageSearch;
			sourceTree = "<group>";
		};
/* End PBXGroup section */

/* Begin PBXNativeTarget section */
		36517B6F2509372400C583F7 /* DaumImageSearchApp */ = {
			isa = PBXNativeTarget;
			buildConfigurationList = 36517B842509372500C583F7 /* Build configuration list for PBXNativeTarget "DaumImageSearchApp" */;
			buildPhases = (
				36517B6C2509372400C583F7 /* Sources */,
				36517B6D2509372400C583F7 /* Frameworks */,
				36517B6E2509372400C583F7 /* Resources */,
			);
			buildRules = (
			);
			dependencies = (
			);
			name = DaumImageSearchApp;
			productName = DaumImageSearchApp;
			productReference = 36517B702509372400C583F7 /* DaumImageSearchApp.app */;
			productType = "com.apple.product-type.application";
		};
/* End PBXNativeTarget section */

/* Begin PBXProject section */
		36517B682509372400C583F7 /* Project object */ = {
			isa = PBXProject;
			attributes = {
				LastSwiftUpdateCheck = 1170;
				LastUpgradeCheck = 1170;
				ORGANIZATIONNAME = SeongMin;
				TargetAttributes = {
					36517B6F2509372400C583F7 = {
						CreatedOnToolsVersion = 11.7;
					};
				};
			};
			buildConfigurationList = 36517B6B2509372400C583F7 /* Build configuration list for PBXProject "DaumImageSearchApp" */;
			compatibilityVersion = "Xcode 9.3";
			developmentRegion = en;
			hasScannedForEncodings = 0;
			knownRegions = (
				en,
				Base,
			);
			mainGroup = 36517B672509372400C583F7;
			productRefGroup = 36517B712509372400C583F7 /* Products */;
			projectDirPath = "";
			projectRoot = "";
			targets = (
				36517B6F2509372400C583F7 /* DaumImageSearchApp */,
			);
		};
/* End PBXProject section */

/* Begin PBXResourcesBuildPhase section */
		36517B6E2509372400C583F7 /* Resources */ = {
			isa = PBXResourcesBuildPhase;
			buildActionMask = 2147483647;
			files = (
				36517B802509372500C583F7 /* LaunchScreen.storyboard in Resources */,
				36517B7D2509372500C583F7 /* Assets.xcassets in Resources */,
				36517B7B2509372400C583F7 /* Main.storyboard in Resources */,
			);
			runOnlyForDeploymentPostprocessing = 0;
		};
/* End PBXResourcesBuildPhase section */

/* Begin PBXSourcesBuildPhase section */
		36517B6C2509372400C583F7 /* Sources */ = {
			isa = PBXSourcesBuildPhase;
			buildActionMask = 2147483647;
			files = (
				36517B782509372400C583F7 /* ImageSearchViewController.swift in Sources */,
				36517B9B250E84D100C583F7 /* ImageViewController.swift in Sources */,
				36517B92250941B400C583F7 /* ImageModel.swift in Sources */,
				36517B902509412200C583F7 /* Image.swift in Sources */,
				36517B94250B45E000C583F7 /* ImagesCollectionViewCell.swift in Sources */,
				36517B9E250F47C100C583F7 /* Date+toString.swift in Sources */,
				36517B742509372400C583F7 /* AppDelegate.swift in Sources */,
				36517B762509372400C583F7 /* SceneDelegate.swift in Sources */,
				36517B8D25093F0300C583F7 /* ImageResponse.swift in Sources */,
				36517B99250BE37900C583F7 /* UICollectionView+ShowEmptyMessage.swift in Sources */,
			);
			runOnlyForDeploymentPostprocessing = 0;
		};
/* End PBXSourcesBuildPhase section */

/* Begin PBXVariantGroup section */
		36517B792509372400C583F7 /* Main.storyboard */ = {
			isa = PBXVariantGroup;
			children = (
				36517B7A2509372400C583F7 /* Base */,
			);
			name = Main.storyboard;
			sourceTree = "<group>";
		};
		36517B7E2509372500C583F7 /* LaunchScreen.storyboard */ = {
			isa = PBXVariantGroup;
			children = (
				36517B7F2509372500C583F7 /* Base */,
			);
			name = LaunchScreen.storyboard;
			sourceTree = "<group>";
		};
/* End PBXVariantGroup section */

/* Begin XCBuildConfiguration section */
		36517B822509372500C583F7 /* Debug */ = {
			isa = XCBuildConfiguration;
			buildSettings = {
				ALWAYS_SEARCH_USER_PATHS = NO;
				CLANG_ANALYZER_NONNULL = YES;
				CLANG_ANALYZER_NUMBER_OBJECT_CONVERSION = YES_AGGRESSIVE;
				CLANG_CXX_LANGUAGE_STANDARD = "gnu++14";
				CLANG_CXX_LIBRARY = "libc++";
				CLANG_ENABLE_MODULES = YES;
				CLANG_ENABLE_OBJC_ARC = YES;
				CLANG_ENABLE_OBJC_WEAK = YES;
				CLANG_WARN_BLOCK_CAPTURE_AUTORELEASING = YES;
				CLANG_WARN_BOOL_CONVERSION = YES;
				CLANG_WARN_COMMA = YES;
				CLANG_WARN_CONSTANT_CONVERSION = YES;
				CLANG_WARN_DEPRECATED_OBJC_IMPLEMENTATIONS = YES;
				CLANG_WARN_DIRECT_OBJC_ISA_USAGE = YES_ERROR;
				CLANG_WARN_DOCUMENTATION_COMMENTS = YES;
				CLANG_WARN_EMPTY_BODY = YES;
				CLANG_WARN_ENUM_CONVERSION = YES;
				CLANG_WARN_INFINITE_RECURSION = YES;
				CLANG_WARN_INT_CONVERSION = YES;
				CLANG_WARN_NON_LITERAL_NULL_CONVERSION = YES;
				CLANG_WARN_OBJC_IMPLICIT_RETAIN_SELF = YES;
				CLANG_WARN_OBJC_LITERAL_CONVERSION = YES;
				CLANG_WARN_OBJC_ROOT_CLASS = YES_ERROR;
				CLANG_WARN_RANGE_LOOP_ANALYSIS = YES;
				CLANG_WARN_STRICT_PROTOTYPES = YES;
				CLANG_WARN_SUSPICIOUS_MOVE = YES;
				CLANG_WARN_UNGUARDED_AVAILABILITY = YES_AGGRESSIVE;
				CLANG_WARN_UNREACHABLE_CODE = YES;
				CLANG_WARN__DUPLICATE_METHOD_MATCH = YES;
				COPY_PHASE_STRIP = NO;
				DEBUG_INFORMATION_FORMAT = dwarf;
				ENABLE_STRICT_OBJC_MSGSEND = YES;
				ENABLE_TESTABILITY = YES;
				GCC_C_LANGUAGE_STANDARD = gnu11;
				GCC_DYNAMIC_NO_PIC = NO;
				GCC_NO_COMMON_BLOCKS = YES;
				GCC_OPTIMIZATION_LEVEL = 0;
				GCC_PREPROCESSOR_DEFINITIONS = (
					"DEBUG=1",
					"$(inherited)",
				);
				GCC_WARN_64_TO_32_BIT_CONVERSION = YES;
				GCC_WARN_ABOUT_RETURN_TYPE = YES_ERROR;
				GCC_WARN_UNDECLARED_SELECTOR = YES;
				GCC_WARN_UNINITIALIZED_AUTOS = YES_AGGRESSIVE;
				GCC_WARN_UNUSED_FUNCTION = YES;
				GCC_WARN_UNUSED_VARIABLE = YES;
				IPHONEOS_DEPLOYMENT_TARGET = 13.7;
				MTL_ENABLE_DEBUG_INFO = INCLUDE_SOURCE;
				MTL_FAST_MATH = YES;
				ONLY_ACTIVE_ARCH = YES;
				SDKROOT = iphoneos;
				SWIFT_ACTIVE_COMPILATION_CONDITIONS = DEBUG;
				SWIFT_OPTIMIZATION_LEVEL = "-Onone";
			};
			name = Debug;
		};
		36517B832509372500C583F7 /* Release */ = {
			isa = XCBuildConfiguration;
			buildSettings = {
				ALWAYS_SEARCH_USER_PATHS = NO;
				CLANG_ANALYZER_NONNULL = YES;
				CLANG_ANALYZER_NUMBER_OBJECT_CONVERSION = YES_AGGRESSIVE;
				CLANG_CXX_LANGUAGE_STANDARD = "gnu++14";
				CLANG_CXX_LIBRARY = "libc++";
				CLANG_ENABLE_MODULES = YES;
				CLANG_ENABLE_OBJC_ARC = YES;
				CLANG_ENABLE_OBJC_WEAK = YES;
				CLANG_WARN_BLOCK_CAPTURE_AUTORELEASING = YES;
				CLANG_WARN_BOOL_CONVERSION = YES;
				CLANG_WARN_COMMA = YES;
				CLANG_WARN_CONSTANT_CONVERSION = YES;
				CLANG_WARN_DEPRECATED_OBJC_IMPLEMENTATIONS = YES;
				CLANG_WARN_DIRECT_OBJC_ISA_USAGE = YES_ERROR;
				CLANG_WARN_DOCUMENTATION_COMMENTS = YES;
				CLANG_WARN_EMPTY_BODY = YES;
				CLANG_WARN_ENUM_CONVERSION = YES;
				CLANG_WARN_INFINITE_RECURSION = YES;
				CLANG_WARN_INT_CONVERSION = YES;
				CLANG_WARN_NON_LITERAL_NULL_CONVERSION = YES;
				CLANG_WARN_OBJC_IMPLICIT_RETAIN_SELF = YES;
				CLANG_WARN_OBJC_LITERAL_CONVERSION = YES;
				CLANG_WARN_OBJC_ROOT_CLASS = YES_ERROR;
				CLANG_WARN_RANGE_LOOP_ANALYSIS = YES;
				CLANG_WARN_STRICT_PROTOTYPES = YES;
				CLANG_WARN_SUSPICIOUS_MOVE = YES;
				CLANG_WARN_UNGUARDED_AVAILABILITY = YES_AGGRESSIVE;
				CLANG_WARN_UNREACHABLE_CODE = YES;
				CLANG_WARN__DUPLICATE_METHOD_MATCH = YES;
				COPY_PHASE_STRIP = NO;
				DEBUG_INFORMATION_FORMAT = "dwarf-with-dsym";
				ENABLE_NS_ASSERTIONS = NO;
				ENABLE_STRICT_OBJC_MSGSEND = YES;
				GCC_C_LANGUAGE_STANDARD = gnu11;
				GCC_NO_COMMON_BLOCKS = YES;
				GCC_WARN_64_TO_32_BIT_CONVERSION = YES;
				GCC_WARN_ABOUT_RETURN_TYPE = YES_ERROR;
				GCC_WARN_UNDECLARED_SELECTOR = YES;
				GCC_WARN_UNINITIALIZED_AUTOS = YES_AGGRESSIVE;
				GCC_WARN_UNUSED_FUNCTION = YES;
				GCC_WARN_UNUSED_VARIABLE = YES;
				IPHONEOS_DEPLOYMENT_TARGET = 13.7;
				MTL_ENABLE_DEBUG_INFO = NO;
				MTL_FAST_MATH = YES;
				SDKROOT = iphoneos;
				SWIFT_COMPILATION_MODE = wholemodule;
				SWIFT_OPTIMIZATION_LEVEL = "-O";
				VALIDATE_PRODUCT = YES;
			};
			name = Release;
		};
		36517B852509372500C583F7 /* Debug */ = {
			isa = XCBuildConfiguration;
			buildSettings = {
				ASSETCATALOG_COMPILER_APPICON_NAME = AppIcon;
				CODE_SIGN_STYLE = Automatic;
				INFOPLIST_FILE = DaumImageSearchApp/Info.plist;
				LD_RUNPATH_SEARCH_PATHS = (
					"$(inherited)",
					"@executable_path/Frameworks",
				);
				PRODUCT_BUNDLE_IDENTIFIER = SM.DaumImageSearchApp;
				PRODUCT_NAME = "$(TARGET_NAME)";
				SWIFT_VERSION = 5.0;
				TARGETED_DEVICE_FAMILY = "1,2";
			};
			name = Debug;
		};
		36517B862509372500C583F7 /* Release */ = {
			isa = XCBuildConfiguration;
			buildSettings = {
				ASSETCATALOG_COMPILER_APPICON_NAME = AppIcon;
				CODE_SIGN_STYLE = Automatic;
				INFOPLIST_FILE = DaumImageSearchApp/Info.plist;
				LD_RUNPATH_SEARCH_PATHS = (
					"$(inherited)",
					"@executable_path/Frameworks",
				);
				PRODUCT_BUNDLE_IDENTIFIER = SM.DaumImageSearchApp;
				PRODUCT_NAME = "$(TARGET_NAME)";
				SWIFT_VERSION = 5.0;
				TARGETED_DEVICE_FAMILY = "1,2";
			};
			name = Release;
		};
/* End XCBuildConfiguration section */

/* Begin XCConfigurationList section */
		36517B6B2509372400C583F7 /* Build configuration list for PBXProject "DaumImageSearchApp" */ = {
			isa = XCConfigurationList;
			buildConfigurations = (
				36517B822509372500C583F7 /* Debug */,
				36517B832509372500C583F7 /* Release */,
			);
			defaultConfigurationIsVisible = 0;
			defaultConfigurationName = Release;
		};
		36517B842509372500C583F7 /* Build configuration list for PBXNativeTarget "DaumImageSearchApp" */ = {
			isa = XCConfigurationList;
			buildConfigurations = (
				36517B852509372500C583F7 /* Debug */,
				36517B862509372500C583F7 /* Release */,
			);
			defaultConfigurationIsVisible = 0;
			defaultConfigurationName = Release;
		};
/* End XCConfigurationList section */
	};
	rootObject = 36517B682509372400C583F7 /* Project object */;
}
